
Microsoft Visual Studio Solution File, Format Version 12.00
# Visual Studio Version 17
VisualStudioVersion = 17.7.34031.279
MinimumVisualStudioVersion = 10.0.40219.1
Project("{FAE04EC0-301F-11D3-BF4B-00C04F79EFBC}") = "Ecommerce_Backend_DotNet", "Ecommerce_Backend_DotNet.csproj", "{A74DADB4-B001-496C-8ED4-58BA6284C72D}"
EndProject
Global
	GlobalSection(SolutionConfigurationPlatforms) = preSolution
		Debug|Any CPU = Debug|Any CPU
		Release|Any CPU = Release|Any CPU
	EndGlobalSection
	GlobalSection(ProjectConfigurationPlatforms) = postSolution
		{A74DADB4-B001-496C-8ED4-58BA6284C72D}.Debug|Any CPU.ActiveCfg = Debug|Any CPU
		{A74DADB4-B001-496C-8ED4-58BA6284C72D}.Debug|Any CPU.Build.0 = Debug|Any CPU
		{A74DADB4-B001-496C-8ED4-58BA6284C72D}.Release|Any CPU.ActiveCfg = Release|Any CPU
		{A74DADB4-B001-496C-8ED4-58BA6284C72D}.Release|Any CPU.Build.0 = Release|Any CPU
	EndGlobalSection
	GlobalSection(SolutionProperties) = preSolution
		HideSolutionNode = FALSE
	EndGlobalSection
	GlobalSection(ExtensibilityGlobals) = postSolution
		SolutionGuid = {E907A4CC-56DE-44F2-A815-75DE8EA0F9D1}
	EndGlobalSection
EndGlobal
